{
  "version": "1.0.0",
  "lockfileVersion": 2,
  "workspaces": {
    "": {
      "name": "home-language",
      "devDependencies": {
        "@stacksjs/bunpress": "^0.1.1",
        "@types/bun": "^1.3.9",
        "better-dx": "^0.2.6",
        "typescript": "^5.9.3"
      }
    },
    "./packages/action": {
      "name": "@home-lang/setup-home",
      "version": "0.1.0",
      "dependencies": {
        "@actions/core": "^1.10.1",
        "@actions/exec": "^1.1.1",
        "@actions/io": "^1.1.3",
        "@actions/tool-cache": "^2.0.1"
      },
      "devDependencies": {
        "@types/node": "^20.10.6",
        "bun-types": "latest",
        "prettier": "^3.1.1",
        "typescript": "^5.3.3"
      }
    },
    "./packages/vscode-home": {
      "name": "home-language",
      "version": "0.1.0",
      "dependencies": {
        "vscode-debugadapter": "^1.51.0",
        "vscode-debugprotocol": "^1.51.0",
        "vscode-languageclient": "^9.0.0"
      },
      "devDependencies": {
        "@types/node": "^18.0.0",
        "@types/vscode": "^1.80.0",
        "@typescript-eslint/eslint-plugin": "^5.0.0",
        "@typescript-eslint/parser": "^5.0.0",
        "eslint": "^8.0.0",
        "typescript": "^5.0.0"
      }
    }
  },
  "packages": {
    "@actions/core@1.11.1": {
      "name": "@actions/core",
      "version": "1.11.1",
      "source": "npm",
      "resolved": "https://registry.npmjs.org/@actions/core/-/core-1.11.1.tgz",
      "integrity": "sha512-hXJCSrkwfA46Vd9Z3q4cpEpHB1rL5NG04+/rbqW9d3+CSvtB1tYe8UTpAlixa1vj0m/ULglfEK2UKxMGxCxv5A==",
      "dependencies": {
        "@actions/exec": "^1.1.1",
        "@actions/http-client": "^2.0.1"
      }
    },
    "@actions/exec@1.1.1": {
      "name": "@actions/exec",
      "version": "1.1.1",
      "source": "npm",
      "resolved": "https://registry.npmjs.org/@actions/exec/-/exec-1.1.1.tgz",
      "integrity": "sha512-+sCcHHbVdk93a0XT19ECtO/gIXoxvdsgQLzb2fE2/5sIZmWQuluYyjPQtrtTHdU1YzTZ7bAPN4sITq2xi1679w==",
      "dependencies": {
        "@actions/io": "^1.0.1"
      }
    },
    "@actions/io@1.1.3": {
      "name": "@actions/io",
      "version": "1.1.3",
      "source": "npm",
      "resolved": "https://registry.npmjs.org/@actions/io/-/io-1.1.3.tgz",
      "integrity": "sha512-wi9JjgKLYS7U/z8PPbco+PvTb/nRWjeoFlJ1Qer83k/3C5PHQi28hiVdeE2kHXmIL99mQFawx8qt/JPjZilJ8Q=="
    },
    "@actions/tool-cache@2.0.2": {
      "name": "@actions/tool-cache",
      "version": "2.0.2",
      "source": "npm",
      "resolved": "https://registry.npmjs.org/@actions/tool-cache/-/tool-cache-2.0.2.tgz",
      "integrity": "sha512-fBhNNOWxuoLxztQebpOaWu6WeVmuwa77Z+DxIZ1B+OYvGkGQon6kTVg6Z32Cb13WCuw0szqonK+hh03mJV7Z6w==",
      "dependencies": {
        "@actions/core": "^1.11.1",
        "@actions/exec": "^1.0.0",
        "@actions/http-client": "^2.0.1",
        "@actions/io": "^1.1.1",
        "semver": "^6.1.0"
      }
    },
    "@stacksjs/bunpress@0.1.4": {
      "name": "@stacksjs/bunpress",
      "version": "0.1.4",
      "source": "npm",
      "resolved": "https://registry.npmjs.org/@stacksjs/bunpress/-/bunpress-0.1.4.tgz",
      "integrity": "sha512-uo5ahVHkV0AcUbqhF1OSTqG9TuTIvL3a0UZtU3De+pi0hFfPkj/XrOT5gBp5D3u9XsbYGghYm9VQaReSHnT/YQ==",
      "dependencies": {
        "@stacksjs/clapp": "^0.2.0",
        "@stacksjs/stx": "^0.2.10",
        "@stacksjs/ts-cloud": "^0.2.2",
        "@stacksjs/ts-md": "^0.1.1",
        "bunfig": "^0.15.6"
      },
      "bin": {
        "bunpress": "./dist/bin/cli.js"
      }
    },
    "@types/bun@^1.3.9": {
      "name": "@types/bun",
      "version": "^1.3.9",
      "source": "npm",
      "dependencies": {
        "bun-types": "1.3.12"
      }
    },
    "@types/node@20.19.39": {
      "name": "@types/node",
      "version": "20.19.39",
      "source": "npm",
      "resolved": "https://registry.npmjs.org/@types/node/-/node-20.19.39.tgz",
      "integrity": "sha512-orrrD74MBUyK8jOAD/r0+lfa1I2MO6I+vAkmAWzMYbCcgrN4lCrmK52gRFQq/JRxfYPfonkr4b0jcY7Olqdqbw==",
      "dependencies": {
        "undici-types": "~6.21.0"
      }
    },
    "@types/vscode@1.115.0": {
      "name": "@types/vscode",
      "version": "1.115.0",
      "source": "npm",
      "resolved": "https://registry.npmjs.org/@types/vscode/-/vscode-1.115.0.tgz",
      "integrity": "sha512-/M8cdznOlqtMqduHKKlIF00v4eum4ZWKgn8YoPRKcN6PDdvoWeeqDaQSnw63ipDbq1Uzz78Wndk/d0uSPwORfA=="
    },
    "@typescript-eslint/eslint-plugin@5.62.0": {
      "name": "@typescript-eslint/eslint-plugin",
      "version": "5.62.0",
      "source": "npm",
      "resolved": "https://registry.npmjs.org/@typescript-eslint/eslint-plugin/-/eslint-plugin-5.62.0.tgz",
      "integrity": "sha512-TiZzBSJja/LbhNPvk6yc0JrX9XqhQ0hdh6M2svYfsHGejaKFIAGd9MQ+ERIMzLGlN/kZoYIgdxFV0PuljTKXag==",
      "dependencies": {
        "@eslint-community/regexpp": "^4.4.0",
        "@typescript-eslint/scope-manager": "5.62.0",
        "@typescript-eslint/type-utils": "5.62.0",
        "@typescript-eslint/utils": "5.62.0",
        "debug": "^4.3.4",
        "graphemer": "^1.4.0",
        "ignore": "^5.2.0",
        "natural-compare-lite": "^1.4.0",
        "semver": "^7.3.7",
        "tsutils": "^3.21.0"
      },
      "peerDependencies": {
        "@typescript-eslint/parser": "^5.0.0",
        "eslint": "^6.0.0 || ^7.0.0 || ^8.0.0"
      },
      "optionalPeers": ["typescript"]
    },
    "@typescript-eslint/parser@5.62.0": {
      "name": "@typescript-eslint/parser",
      "version": "5.62.0",
      "source": "npm",
      "resolved": "https://registry.npmjs.org/@typescript-eslint/parser/-/parser-5.62.0.tgz",
      "integrity": "sha512-VlJEV0fOQ7BExOsHYAGrgbEiZoi8D+Bl2+f6V2RrXerRSylnp+ZBHmPvaIa8cz0Ajx7WO7Z5RqfgYg7ED1nRhA==",
      "dependencies": {
        "@typescript-eslint/scope-manager": "5.62.0",
        "@typescript-eslint/types": "5.62.0",
        "@typescript-eslint/typescript-estree": "5.62.0",
        "debug": "^4.3.4"
      },
      "peerDependencies": {
        "eslint": "^6.0.0 || ^7.0.0 || ^8.0.0"
      },
      "optionalPeers": ["typescript"]
    },
    "better-dx@0.2.7": {
      "name": "better-dx",
      "version": "0.2.7",
      "source": "npm",
      "resolved": "https://registry.npmjs.org/better-dx/-/better-dx-0.2.7.tgz",
      "integrity": "sha512-J5Msp8jYKl4/YrTt/IWE32ZZg36/+M5klkAhSZb6Av5LGuFd7tylTerKq/8AwZxAYl9h8ZXV79Paygc+YjmCyw==",
      "peerDependencies": {
        "@stacksjs/bumpx": "^0.2.4",
        "@stacksjs/bunpress": "^0.1.1",
        "@stacksjs/clarity": "^0.3.24",
        "@stacksjs/gitlint": "^0.1.5",
        "@stacksjs/logsmith": "^0.2.1",
        "@types/bun": "^1.3.10",
        "buddy-bot": "^0.9.17",
        "bun-git-hooks": "^0.3.1",
        "bun-plugin-dtsx": "^0.9.13",
        "bunfig": "^0.15.6",
        "pickier": "^0.1.20",
        "ts-error-handling": "^0.1.1",
        "typescript": "^5.9.3"
      },
      "bin": {
        "better-dx": "./dist/bin/cli.js",
        "dx": "./dist/bin/cli.js"
      }
    },
    "bun-types@1.3.12": {
      "name": "bun-types",
      "version": "1.3.12",
      "source": "npm",
      "resolved": "https://registry.npmjs.org/bun-types/-/bun-types-1.3.12.tgz",
      "integrity": "sha512-HqOLj5PoFajAQciOMRiIZGNoKxDJSr6qigAttOX40vJuSp6DN/CxWp9s3C1Xwm4oH7ybueITwiaOcWXoYVoRkA==",
      "dependencies": {
        "@types/node": "*"
      }
    },
    "eslint@8.57.1": {
      "name": "eslint",
      "version": "8.57.1",
      "source": "npm",
      "resolved": "https://registry.npmjs.org/eslint/-/eslint-8.57.1.tgz",
      "integrity": "sha512-ypowyDxpVSYpkXr9WPv2PAZCtNip1Mv5KTW0SCurXv/9iOpcrH9PaqUElksqEB6pChqHGDRCFTyrZlGhnLNGiA==",
      "dependencies": {
        "@eslint-community/eslint-utils": "^4.2.0",
        "@eslint-community/regexpp": "^4.6.1",
        "@eslint/eslintrc": "^2.1.4",
        "@eslint/js": "8.57.1",
        "@humanwhocodes/config-array": "^0.13.0",
        "@humanwhocodes/module-importer": "^1.0.1",
        "@nodelib/fs.walk": "^1.2.8",
        "@ungap/structured-clone": "^1.2.0",
        "ajv": "^6.12.4",
        "chalk": "^4.0.0",
        "cross-spawn": "^7.0.2",
        "debug": "^4.3.2",
        "doctrine": "^3.0.0",
        "escape-string-regexp": "^4.0.0",
        "eslint-scope": "^7.2.2",
        "eslint-visitor-keys": "^3.4.3",
        "espree": "^9.6.1",
        "esquery": "^1.4.2",
        "esutils": "^2.0.2",
        "fast-deep-equal": "^3.1.3",
        "file-entry-cache": "^6.0.1",
        "find-up": "^5.0.0",
        "glob-parent": "^6.0.2",
        "globals": "^13.19.0",
        "graphemer": "^1.4.0",
        "ignore": "^5.2.0",
        "imurmurhash": "^0.1.4",
        "is-glob": "^4.0.0",
        "is-path-inside": "^3.0.3",
        "js-yaml": "^4.1.0",
        "json-stable-stringify-without-jsonify": "^1.0.1",
        "levn": "^0.4.1",
        "lodash.merge": "^4.6.2",
        "minimatch": "^3.1.2",
        "natural-compare": "^1.4.0",
        "optionator": "^0.9.3",
        "strip-ansi": "^6.0.1",
        "text-table": "^0.2.0"
      },
      "bin": {
        "eslint": "./bin/eslint.js"
      }
    },
    "prettier@^3.1.1": {
      "name": "prettier",
      "version": "^3.1.1",
      "source": "npm"
    },
    "typescript@^5.0.0": {
      "name": "typescript",
      "version": "^5.0.0",
      "source": "npm",
      "bin": {
        "tsc": "./bin/tsc",
        "tsserver": "./bin/tsserver"
      }
    },
    "typescript@^5.3.3": {
      "name": "typescript",
      "version": "^5.3.3",
      "source": "npm",
      "bin": {
        "tsc": "./bin/tsc",
        "tsserver": "./bin/tsserver"
      }
    },
    "typescript@^5.9.3": {
      "name": "typescript",
      "version": "^5.9.3",
      "source": "npm",
      "bin": {
        "tsc": "./bin/tsc",
        "tsserver": "./bin/tsserver"
      }
    },
    "vscode-debugadapter@1.51.0": {
      "name": "vscode-debugadapter",
      "version": "1.51.0",
      "source": "npm",
      "resolved": "https://registry.npmjs.org/vscode-debugadapter/-/vscode-debugadapter-1.51.0.tgz",
      "integrity": "sha512-mObaXD5/FH/z6aL2GDuyCLbnwLsYRCAJWgFid01vKW9Y5Si8OvINK+Tn+Yl/lRUbetjNuZW3j1euMEz6z8Yzqg==",
      "dependencies": {
        "mkdirp": "^1.0.4",
        "vscode-debugprotocol": "1.51.0"
      }
    },
    "vscode-debugprotocol@1.51.0": {
      "name": "vscode-debugprotocol",
      "version": "1.51.0",
      "source": "npm",
      "resolved": "https://registry.npmjs.org/vscode-debugprotocol/-/vscode-debugprotocol-1.51.0.tgz",
      "integrity": "sha512-dzKWTMMyebIMPF1VYMuuQj7gGFq7guR8AFya0mKacu+ayptJfaRuM0mdHCqiOth4FnRP8mPhEroFPx6Ift8wHA=="
    },
    "vscode-languageclient@9.0.1": {
      "name": "vscode-languageclient",
      "version": "9.0.1",
      "source": "npm",
      "resolved": "https://registry.npmjs.org/vscode-languageclient/-/vscode-languageclient-9.0.1.tgz",
      "integrity": "sha512-JZiimVdvimEuHh5olxhxkht09m3JzUGwggb5eRUkzzJhZ2KjCN0nh55VfiED9oez9DyF8/fz1g1iBV3h+0Z2EA==",
      "dependencies": {
        "minimatch": "^5.1.0",
        "semver": "^7.3.7",
        "vscode-languageserver-protocol": "3.17.5"
      }
    }
  }
}
